
Microsoft Visual Studio Solution File, Format Version 12.00
# Visual Studio 15
VisualStudioVersion = 15.0.27004.2010
MinimumVisualStudioVersion = 10.0.40219.1
Project("{9A19103F-16F7-4668-BE54-9A1E7A4F7556}") = "LogoFX.Client.Mvvm.ViewModelFactory.Unity", "LogoFX.Client.Mvvm.ViewModelFactory.Unity\LogoFX.Client.Mvvm.ViewModelFactory.Unity.csproj", "{D2D523AA-AA8E-460B-B71F-5B5D333FA29C}"
EndProject
Global
	GlobalSection(SolutionConfigurationPlatforms) = preSolution
		Debug|Any CPU = Debug|Any CPU
		Release|Any CPU = Release|Any CPU
	EndGlobalSection
	GlobalSection(ProjectConfigurationPlatforms) = postSolution
		{D2D523AA-AA8E-460B-B71F-5B5D333FA29C}.Debug|Any CPU.ActiveCfg = Debug|Any CPU
		{D2D523AA-AA8E-460B-B71F-5B5D333FA29C}.Debug|Any CPU.Build.0 = Debug|Any CPU
		{D2D523AA-AA8E-460B-B71F-5B5D333FA29C}.Release|Any CPU.ActiveCfg = Release|Any CPU
		{D2D523AA-AA8E-460B-B71F-5B5D333FA29C}.Release|Any CPU.Build.0 = Release|Any CPU
	EndGlobalSection
	GlobalSection(SolutionProperties) = preSolution
		HideSolutionNode = FALSE
	EndGlobalSection
	GlobalSection(ExtensibilityGlobals) = postSolution
		SolutionGuid = {F03E577C-7D1F-49E4-8F9D-5990B466DFBC}
	EndGlobalSection
EndGlobal
